<?xml version="1.0" encoding="utf-8"?>
<Project ToolsVersion="4.0" xmlns="http://schemas.microsoft.com/developer/msbuild/2003">
  <ItemGroup>
    <Filter Include="Source Files">
      <UniqueIdentifier>{4FC737F1-C7A5-4376-A066-2A32D752A2FF}</UniqueIdentifier>
      <Extensions>cpp;c;cc;cxx;def;odl;idl;hpj;bat;asm;asmx</Extensions>
    </Filter>
    <Filter Include="Header Files">
      <UniqueIdentifier>{93995380-89BD-4b04-88EB-625FBE52EBFB}</UniqueIdentifier>
      <Extensions>h;hh;hpp;hxx;hm;inl;inc;xsd</Extensions>
    </Filter>
    <Filter Include="Resource Files">
      <UniqueIdentifier>{67DA6AB6-F800-4c08-8B7A-83BB121AAD01}</UniqueIdentifier>
      <Extensions>rc;ico;cur;bmp;dlg;rc2;rct;bin;rgs;gif;jpg;jpeg;jpe;resx;tiff;tif;png;wav;mfcribbon-ms</Extensions>
    </Filter>
    <Filter Include="Resource Files\Resource">
      <UniqueIdentifier>{2ecc683a-9f6f-4a75-9b06-6ff7584dca6a}</UniqueIdentifier>
    </Filter>
    <Filter Include="Scenes">
      <UniqueIdentifier>{36666f62-5e35-4464-8877-0ba51008d129}</UniqueIdentifier>
    </Filter>
    <Filter Include="Objects">
      <UniqueIdentifier>{e0f23ed4-37b8-4f18-b3a9-b650509f3cde}</UniqueIdentifier>
    </Filter>
  </ItemGroup>
  <ItemGroup>
    <Text Include="ReadMe.txt" />
  </ItemGroup>
  <ItemGroup>
    <ClInclude Include="stdafx.h">
      <Filter>Header Files</Filter>
    </ClInclude>
    <ClInclude Include="targetver.h">
      <Filter>Header Files</Filter>
    </ClInclude>
    <ClInclude Include="..\..\Middleware\glad\include\glad\glad.h">
      <Filter>Header Files</Filter>
    </ClInclude>
    <ClInclude Include="engine.h">
      <Filter>Header Files</Filter>
    </ClInclude>
    <ClInclude Include="input.h">
      <Filter>Header Files</Filter>
    </ClInclude>
    <ClInclude Include="renderer.h">
      <Filter>Header Files</Filter>
    </ClInclude>
    <ClInclude Include="system.h">
      <Filter>Header Files</Filter>
    </ClInclude>
    <ClInclude Include="timer.h">
      <Filter>Header Files</Filter>
    </ClInclude>
    <ClInclude Include="scene.h">
      <Filter>Header Files</Filter>
    </ClInclude>
    <ClInclude Include="scene02.h">
      <Filter>Scenes</Filter>
    </ClInclude>
    <ClInclude Include="scene01.h">
      <Filter>Scenes</Filter>
    </ClInclude>
    <ClInclude Include="scene03.h">
      <Filter>Scenes</Filter>
    </ClInclude>
    <ClInclude Include="shader.h">
      <Filter>Header Files</Filter>
    </ClInclude>
    <ClInclude Include="scene04.h">
      <Filter>Scenes</Filter>
    </ClInclude>
    <ClInclude Include="image.h">
      <Filter>Header Files</Filter>
    </ClInclude>
    <ClInclude Include="transform.h">
      <Filter>Header Files</Filter>
    </ClInclude>
    <ClInclude Include="..\..\Middleware\stb\stb_image.h">
      <Filter>Header Files</Filter>
    </ClInclude>
    <ClInclude Include="material.h">
      <Filter>Header Files</Filter>
    </ClInclude>
    <ClInclude Include="scene05.h">
      <Filter>Scenes</Filter>
    </ClInclude>
    <ClInclude Include="object.h">
      <Filter>Header Files</Filter>
    </ClInclude>
    <ClInclude Include="renderable.h">
      <Filter>Objects</Filter>
    </ClInclude>
    <ClInclude Include="light.h">
      <Filter>Objects</Filter>
    </ClInclude>
    <ClInclude Include="camera.h">
      <Filter>Objects</Filter>
    </ClInclude>
    <ClInclude Include="scene06.h">
      <Filter>Scenes</Filter>
    </ClInclude>
    <ClInclude Include="mesh.h">
      <Filter>Header Files</Filter>
    </ClInclude>
    <ClInclude Include="model.h">
      <Filter>Header Files</Filter>
    </ClInclude>
  </ItemGroup>
  <ItemGroup>
    <ClCompile Include="stdafx.cpp">
      <Filter>Source Files</Filter>
    </ClCompile>
    <ClCompile Include="..\..\Middleware\glad\src\glad.c">
      <Filter>Source Files</Filter>
    </ClCompile>
    <ClCompile Include="engine.cpp">
      <Filter>Source Files</Filter>
    </ClCompile>
    <ClCompile Include="input.cpp">
      <Filter>Source Files</Filter>
    </ClCompile>
    <ClCompile Include="renderer.cpp">
      <Filter>Source Files</Filter>
    </ClCompile>
    <ClCompile Include="timer.cpp">
      <Filter>Source Files</Filter>
    </ClCompile>
    <ClCompile Include="main.cpp">
      <Filter>Source Files</Filter>
    </ClCompile>
    <ClCompile Include="scene.cpp">
      <Filter>Source Files</Filter>
    </ClCompile>
    <ClCompile Include="scene01.cpp">
      <Filter>Scenes</Filter>
    </ClCompile>
    <ClCompile Include="scene02.cpp">
      <Filter>Scenes</Filter>
    </ClCompile>
    <ClCompile Include="scene03.cpp">
      <Filter>Scenes</Filter>
    </ClCompile>
    <ClCompile Include="shader.cpp">
      <Filter>Source Files</Filter>
    </ClCompile>
    <ClCompile Include="scene04.cpp">
      <Filter>Scenes</Filter>
    </ClCompile>
    <ClCompile Include="image.cpp">
      <Filter>Source Files</Filter>
    </ClCompile>
    <ClCompile Include="transform.cpp">
      <Filter>Source Files</Filter>
    </ClCompile>
    <ClCompile Include="material.cpp">
      <Filter>Source Files</Filter>
    </ClCompile>
    <ClCompile Include="scene05.cpp">
      <Filter>Scenes</Filter>
    </ClCompile>
    <ClCompile Include="object.cpp">
      <Filter>Source Files</Filter>
    </ClCompile>
    <ClCompile Include="camera.cpp">
      <Filter>Objects</Filter>
    </ClCompile>
    <ClCompile Include="light.cpp">
      <Filter>Objects</Filter>
    </ClCompile>
    <ClCompile Include="renderable.cpp">
      <Filter>Objects</Filter>
    </ClCompile>
    <ClCompile Include="scene06.cpp">
      <Filter>Scenes</Filter>
    </ClCompile>
    <ClCompile Include="mesh.cpp">
      <Filter>Source Files</Filter>
    </ClCompile>
    <ClCompile Include="model.cpp">
      <Filter>Source Files</Filter>
    </ClCompile>
  </ItemGroup>
  <ItemGroup>
    <None Include="..\Resources\Shaders\basic.frag">
      <Filter>Resource Files\Resource</Filter>
    </None>
    <None Include="..\Resources\Shaders\basic.vert">
      <Filter>Resource Files\Resource</Filter>
    </None>
    <None Include="..\Resources\Shaders\transform.vert">
      <Filter>Resource Files\Resource</Filter>
    </None>
    <None Include="..\Resources\Shaders\light.vert">
      <Filter>Resource Files\Resource</Filter>
    </None>
    <None Include="..\Resources\Shaders\phong.vert">
      <Filter>Resource Files\Resource</Filter>
    </None>
    <None Include="..\Resources\Shaders\phong.frag">
      <Filter>Resource Files\Resource</Filter>
    </None>
    <None Include="..\Resources\Shaders\texture_phong.frag.shader">
      <Filter>Resource Files\Resource</Filter>
    </None>
    <None Include="..\Resources\Shaders\texture_phong.vert.shader">
      <Filter>Resource Files\Resource</Filter>
    </None>
    <None Include="..\Resources\Shaders\multi_tex_phong.frag.shader">
      <Filter>Resource Files\Resource</Filter>
    </None>
    <None Include="..\Resources\Shaders\texture_phong_specular.frag.shader">
      <Filter>Resource Files\Resource</Filter>
    </None>
  </ItemGroup>
</Project>